# This file is automatically @generated by Cargo.
# It is not intended for manual editing.
version = 4

[[package]]
name = "bambang"
version = "0.1.0"
dependencies = [
 "bindereh",
 "diplomat",
 "pambudi",
]

[[package]]
name = "bindereh"
version = "0.1.0"

[[package]]
name = "diplomat"
version = "0.1.0"

[[package]]
name = "matan"
version = "0.1.0"

[[package]]
name = "pambudi"
version = "0.1.0"
